// !$*UTF8*$!
{
	archiveVersion = 1;
	classes = {
	};
	objectVersion = 56;
	objects = {

/* Begin PBXBuildFile section */
		02B8492F47544EF193E69629 /* libPods-SwiftUILoginPageTests.a in Frameworks */ = {isa = PBXBuildFile; fileRef = 373F24644FC33B512EB9B9E9 /* libPods-SwiftUILoginPageTests.a */; };
		A51CCDD12AA7808D00AC7151 /* SwiftUILoginPageApp.swift in Sources */ = {isa = PBXBuildFile; fileRef = A51CCDD02AA7808D00AC7151 /* SwiftUILoginPageApp.swift */; };
		A51CCDD32AA7808D00AC7151 /* LoginPageView.swift in Sources */ = {isa = PBXBuildFile; fileRef = A51CCDD22AA7808D00AC7151 /* LoginPageView.swift */; };
		A51CCDD52AA7809100AC7151 /* Assets.xcassets in Resources */ = {isa = PBXBuildFile; fileRef = A51CCDD42AA7809100AC7151 /* Assets.xcassets */; };
		A51CCDD82AA7809100AC7151 /* Preview Assets.xcassets in Resources */ = {isa = PBXBuildFile; fileRef = A51CCDD72AA7809100AC7151 /* Preview Assets.xcassets */; };
		A5572A382AB988670031603F /* SwiftUILoginPageTests.swift in Sources */ = {isa = PBXBuildFile; fileRef = A5572A372AB988670031603F /* SwiftUILoginPageTests.swift */; };
		A56920CD2AB2B60B001BF5EB /* Response.swift in Sources */ = {isa = PBXBuildFile; fileRef = A56920CC2AB2B60B001BF5EB /* Response.swift */; };
		A56920CF2AB2B620001BF5EB /* LoginPageViewModel.swift in Sources */ = {isa = PBXBuildFile; fileRef = A56920CE2AB2B620001BF5EB /* LoginPageViewModel.swift */; };
		A56920D12AB2BA7D001BF5EB /* WelcomeView.swift in Sources */ = {isa = PBXBuildFile; fileRef = A56920D02AB2BA7D001BF5EB /* WelcomeView.swift */; };
		A5F5EB762AB1866D00530797 /* CustomeTextView.swift in Sources */ = {isa = PBXBuildFile; fileRef = A5F5EB752AB1866D00530797 /* CustomeTextView.swift */; };
		D0A571736181D35F282FD3EB /* libPods-SwiftUILoginPage.a in Frameworks */ = {isa = PBXBuildFile; fileRef = 6E9690E1A83ECC5019C2488B /* libPods-SwiftUILoginPage.a */; };
/* End PBXBuildFile section */

/* Begin PBXContainerItemProxy section */
		A5572A392AB988670031603F /* PBXContainerItemProxy */ = {
			isa = PBXContainerItemProxy;
			containerPortal = A51CCDC52AA7808C00AC7151 /* Project object */;
			proxyType = 1;
			remoteGlobalIDString = A51CCDCC2AA7808C00AC7151;
			remoteInfo = SwiftUILoginPage;
		};
/* End PBXContainerItemProxy section */

/* Begin PBXFileReference section */
		2C7558A8F25816CF7B18790A /* Pods-SwiftUILoginPageTests.release.xcconfig */ = {isa = PBXFileReference; includeInIndex = 1; lastKnownFileType = text.xcconfig; name = "Pods-SwiftUILoginPageTests.release.xcconfig"; path = "Target Support Files/Pods-SwiftUILoginPageTests/Pods-SwiftUILoginPageTests.release.xcconfig"; sourceTree = "<group>"; };
		373F24644FC33B512EB9B9E9 /* libPods-SwiftUILoginPageTests.a */ = {isa = PBXFileReference; explicitFileType = archive.ar; includeInIndex = 0; path = "libPods-SwiftUILoginPageTests.a"; sourceTree = BUILT_PRODUCTS_DIR; };
		6E9690E1A83ECC5019C2488B /* libPods-SwiftUILoginPage.a */ = {isa = PBXFileReference; explicitFileType = archive.ar; includeInIndex = 0; path = "libPods-SwiftUILoginPage.a"; sourceTree = BUILT_PRODUCTS_DIR; };
		A010C55851A13BE3A6B04BC2 /* Pods-SwiftUILoginPage.release.xcconfig */ = {isa = PBXFileReference; includeInIndex = 1; lastKnownFileType = text.xcconfig; name = "Pods-SwiftUILoginPage.release.xcconfig"; path = "Target Support Files/Pods-SwiftUILoginPage/Pods-SwiftUILoginPage.release.xcconfig"; sourceTree = "<group>"; };
		A51CCDCD2AA7808D00AC7151 /* SwiftUILoginPage.app */ = {isa = PBXFileReference; explicitFileType = wrapper.application; includeInIndex = 0; path = SwiftUILoginPage.app; sourceTree = BUILT_PRODUCTS_DIR; };
		A51CCDD02AA7808D00AC7151 /* SwiftUILoginPageApp.swift */ = {isa = PBXFileReference; lastKnownFileType = sourcecode.swift; path = SwiftUILoginPageApp.swift; sourceTree = "<group>"; };
		A51CCDD22AA7808D00AC7151 /* LoginPageView.swift */ = {isa = PBXFileReference; lastKnownFileType = sourcecode.swift; path = LoginPageView.swift; sourceTree = "<group>"; };
		A51CCDD42AA7809100AC7151 /* Assets.xcassets */ = {isa = PBXFileReference; lastKnownFileType = folder.assetcatalog; path = Assets.xcassets; sourceTree = "<group>"; };
		A51CCDD72AA7809100AC7151 /* Preview Assets.xcassets */ = {isa = PBXFileReference; lastKnownFileType = folder.assetcatalog; path = "Preview Assets.xcassets"; sourceTree = "<group>"; };
		A5572A352AB988670031603F /* SwiftUILoginPageTests.xctest */ = {isa = PBXFileReference; explicitFileType = wrapper.cfbundle; includeInIndex = 0; path = SwiftUILoginPageTests.xctest; sourceTree = BUILT_PRODUCTS_DIR; };
		A5572A372AB988670031603F /* SwiftUILoginPageTests.swift */ = {isa = PBXFileReference; lastKnownFileType = sourcecode.swift; path = SwiftUILoginPageTests.swift; sourceTree = "<group>"; };
		A56920CC2AB2B60B001BF5EB /* Response.swift */ = {isa = PBXFileReference; lastKnownFileType = sourcecode.swift; path = Response.swift; sourceTree = "<group>"; };
		A56920CE2AB2B620001BF5EB /* LoginPageViewModel.swift */ = {isa = PBXFileReference; lastKnownFileType = sourcecode.swift; path = LoginPageViewModel.swift; sourceTree = "<group>"; };
		A56920D02AB2BA7D001BF5EB /* WelcomeView.swift */ = {isa = PBXFileReference; lastKnownFileType = sourcecode.swift; path = WelcomeView.swift; sourceTree = "<group>"; };
		A5F5EB752AB1866D00530797 /* CustomeTextView.swift */ = {isa = PBXFileReference; lastKnownFileType = sourcecode.swift; path = CustomeTextView.swift; sourceTree = "<group>"; };
		C352FA040E5C9D59FE04C726 /* Pods-SwiftUILoginPageTests.debug.xcconfig */ = {isa = PBXFileReference; includeInIndex = 1; lastKnownFileType = text.xcconfig; name = "Pods-SwiftUILoginPageTests.debug.xcconfig"; path = "Target Support Files/Pods-SwiftUILoginPageTests/Pods-SwiftUILoginPageTests.debug.xcconfig"; sourceTree = "<group>"; };
		FD64E10073A93CF4E4DDAAD8 /* Pods-SwiftUILoginPage.debug.xcconfig */ = {isa = PBXFileReference; includeInIndex = 1; lastKnownFileType = text.xcconfig; name = "Pods-SwiftUILoginPage.debug.xcconfig"; path = "Target Support Files/Pods-SwiftUILoginPage/Pods-SwiftUILoginPage.debug.xcconfig"; sourceTree = "<group>"; };
/* End PBXFileReference section */

/* Begin PBXFrameworksBuildPhase section */
		A51CCDCA2AA7808C00AC7151 /* Frameworks */ = {
			isa = PBXFrameworksBuildPhase;
			buildActionMask = 2147483647;
			files = (
				D0A571736181D35F282FD3EB /* libPods-SwiftUILoginPage.a in Frameworks */,
			);
			runOnlyForDeploymentPostprocessing = 0;
		};
		A5572A322AB988670031603F /* Frameworks */ = {
			isa = PBXFrameworksBuildPhase;
			buildActionMask = 2147483647;
			files = (
				02B8492F47544EF193E69629 /* libPods-SwiftUILoginPageTests.a in Frameworks */,
			);
			runOnlyForDeploymentPostprocessing = 0;
		};
/* End PBXFrameworksBuildPhase section */

/* Begin PBXGroup section */
		04E20508E93467D6351C787D /* Pods */ = {
			isa = PBXGroup;
			children = (
				FD64E10073A93CF4E4DDAAD8 /* Pods-SwiftUILoginPage.debug.xcconfig */,
				A010C55851A13BE3A6B04BC2 /* Pods-SwiftUILoginPage.release.xcconfig */,
				C352FA040E5C9D59FE04C726 /* Pods-SwiftUILoginPageTests.debug.xcconfig */,
				2C7558A8F25816CF7B18790A /* Pods-SwiftUILoginPageTests.release.xcconfig */,
			);
			path = Pods;
			sourceTree = "<group>";
		};
		A51CCDC42AA7808C00AC7151 = {
			isa = PBXGroup;
			children = (
				A51CCDCF2AA7808D00AC7151 /* SwiftUILoginPage */,
				A5572A362AB988670031603F /* SwiftUILoginPageTests */,
				A51CCDCE2AA7808D00AC7151 /* Products */,
				04E20508E93467D6351C787D /* Pods */,
				FCFF9240C7B3CE54D40BDDE8 /* Frameworks */,
			);
			sourceTree = "<group>";
		};
		A51CCDCE2AA7808D00AC7151 /* Products */ = {
			isa = PBXGroup;
			children = (
				A51CCDCD2AA7808D00AC7151 /* SwiftUILoginPage.app */,
				A5572A352AB988670031603F /* SwiftUILoginPageTests.xctest */,
			);
			name = Products;
			sourceTree = "<group>";
		};
		A51CCDCF2AA7808D00AC7151 /* SwiftUILoginPage */ = {
			isa = PBXGroup;
			children = (
				A56920CB2AB2B5D5001BF5EB /* Models */,
				A56920CA2AB2B5CF001BF5EB /* Views */,
				A56920C92AB2B5C3001BF5EB /* ViewModels */,
				A51CCDD02AA7808D00AC7151 /* SwiftUILoginPageApp.swift */,
				A51CCDD42AA7809100AC7151 /* Assets.xcassets */,
				A51CCDD62AA7809100AC7151 /* Preview Content */,
			);
			path = SwiftUILoginPage;
			sourceTree = "<group>";
		};
		A51CCDD62AA7809100AC7151 /* Preview Content */ = {
			isa = PBXGroup;
			children = (
				A51CCDD72AA7809100AC7151 /* Preview Assets.xcassets */,
			);
			path = "Preview Content";
			sourceTree = "<group>";
		};
		A5572A362AB988670031603F /* SwiftUILoginPageTests */ = {
			isa = PBXGroup;
			children = (
				A5572A372AB988670031603F /* SwiftUILoginPageTests.swift */,
			);
			path = SwiftUILoginPageTests;
			sourceTree = "<group>";
		};
		A56920C92AB2B5C3001BF5EB /* ViewModels */ = {
			isa = PBXGroup;
			children = (
				A56920CE2AB2B620001BF5EB /* LoginPageViewModel.swift */,
			);
			path = ViewModels;
			sourceTree = "<group>";
		};
		A56920CA2AB2B5CF001BF5EB /* Views */ = {
			isa = PBXGroup;
			children = (
				A5F5EB752AB1866D00530797 /* CustomeTextView.swift */,
				A51CCDD22AA7808D00AC7151 /* LoginPageView.swift */,
				A56920D02AB2BA7D001BF5EB /* WelcomeView.swift */,
			);
			path = Views;
			sourceTree = "<group>";
		};
		A56920CB2AB2B5D5001BF5EB /* Models */ = {
			isa = PBXGroup;
			children = (
				A56920CC2AB2B60B001BF5EB /* Response.swift */,
			);
			path = Models;
			sourceTree = "<group>";
		};
		FCFF9240C7B3CE54D40BDDE8 /* Frameworks */ = {
			isa = PBXGroup;
			children = (
				6E9690E1A83ECC5019C2488B /* libPods-SwiftUILoginPage.a */,
				373F24644FC33B512EB9B9E9 /* libPods-SwiftUILoginPageTests.a */,
			);
			name = Frameworks;
			sourceTree = "<group>";
		};
/* End PBXGroup section */

/* Begin PBXNativeTarget section */
		A51CCDCC2AA7808C00AC7151 /* SwiftUILoginPage */ = {
			isa = PBXNativeTarget;
			buildConfigurationList = A51CCDDB2AA7809100AC7151 /* Build configuration list for PBXNativeTarget "SwiftUILoginPage" */;
			buildPhases = (
				0DB24B6F0A8C60CD73278732 /* [CP] Check Pods Manifest.lock */,
				A51CCDC92AA7808C00AC7151 /* Sources */,
				A51CCDCA2AA7808C00AC7151 /* Frameworks */,
				A51CCDCB2AA7808C00AC7151 /* Resources */,
			);
			buildRules = (
			);
			dependencies = (
			);
			name = SwiftUILoginPage;
			productName = SwiftUILoginPage;
			productReference = A51CCDCD2AA7808D00AC7151 /* SwiftUILoginPage.app */;
			productType = "com.apple.product-type.application";
		};
		A5572A342AB988670031603F /* SwiftUILoginPageTests */ = {
			isa = PBXNativeTarget;
			buildConfigurationList = A5572A3B2AB988670031603F /* Build configuration list for PBXNativeTarget "SwiftUILoginPageTests" */;
			buildPhases = (
				2CF4562C67AFB8773A2D9CA5 /* [CP] Check Pods Manifest.lock */,
				A5572A312AB988670031603F /* Sources */,
				A5572A322AB988670031603F /* Frameworks */,
				A5572A332AB988670031603F /* Resources */,
			);
			buildRules = (
			);
			dependencies = (
				A5572A3A2AB988670031603F /* PBXTargetDependency */,
			);
			name = SwiftUILoginPageTests;
			productName = SwiftUILoginPageTests;
			productReference = A5572A352AB988670031603F /* SwiftUILoginPageTests.xctest */;
			productType = "com.apple.product-type.bundle.unit-test";
		};
/* End PBXNativeTarget section */

/* Begin PBXProject section */
		A51CCDC52AA7808C00AC7151 /* Project object */ = {
			isa = PBXProject;
			attributes = {
				BuildIndependentTargetsInParallel = 1;
				LastSwiftUpdateCheck = 1430;
				LastUpgradeCheck = 1430;
				TargetAttributes = {
					A51CCDCC2AA7808C00AC7151 = {
						CreatedOnToolsVersion = 14.3.1;
					};
					A5572A342AB988670031603F = {
						CreatedOnToolsVersion = 14.3.1;
						TestTargetID = A51CCDCC2AA7808C00AC7151;
					};
				};
			};
			buildConfigurationList = A51CCDC82AA7808C00AC7151 /* Build configuration list for PBXProject "SwiftUILoginPage" */;
			compatibilityVersion = "Xcode 14.0";
			developmentRegion = en;
			hasScannedForEncodings = 0;
			knownRegions = (
				en,
				Base,
			);
			mainGroup = A51CCDC42AA7808C00AC7151;
			productRefGroup = A51CCDCE2AA7808D00AC7151 /* Products */;
			projectDirPath = "";
			projectRoot = "";
			targets = (
				A51CCDCC2AA7808C00AC7151 /* SwiftUILoginPage */,
				A5572A342AB988670031603F /* SwiftUILoginPageTests */,
			);
		};
/* End PBXProject section */

/* Begin PBXResourcesBuildPhase section */
		A51CCDCB2AA7808C00AC7151 /* Resources */ = {
			isa = PBXResourcesBuildPhase;
			buildActionMask = 2147483647;
			files = (
				A51CCDD82AA7809100AC7151 /* Preview Assets.xcassets in Resources */,
				A51CCDD52AA7809100AC7151 /* Assets.xcassets in Resources */,
			);
			runOnlyForDeploymentPostprocessing = 0;
		};
		A5572A332AB988670031603F /* Resources */ = {
			isa = PBXResourcesBuildPhase;
			buildActionMask = 2147483647;
			files = (
			);
			runOnlyForDeploymentPostprocessing = 0;
		};
/* End PBXResourcesBuildPhase section */

/* Begin PBXShellScriptBuildPhase section */
		0DB24B6F0A8C60CD73278732 /* [CP] Check Pods Manifest.lock */ = {
			isa = PBXShellScriptBuildPhase;
			buildActionMask = 2147483647;
			files = (
			);
			inputFileListPaths = (
			);
			inputPaths = (
				"${PODS_PODFILE_DIR_PATH}/Podfile.lock",
				"${PODS_ROOT}/Manifest.lock",
			);
			name = "[CP] Check Pods Manifest.lock";
			outputFileListPaths = (
			);
			outputPaths = (
				"$(DERIVED_FILE_DIR)/Pods-SwiftUILoginPage-checkManifestLockResult.txt",
			);
			runOnlyForDeploymentPostprocessing = 0;
			shellPath = /bin/sh;
			shellScript = "diff \"${PODS_PODFILE_DIR_PATH}/Podfile.lock\" \"${PODS_ROOT}/Manifest.lock\" > /dev/null\nif [ $? != 0 ] ; then\n    # print error to STDERR\n    echo \"error: The sandbox is not in sync with the Podfile.lock. Run 'pod install' or update your CocoaPods installation.\" >&2\n    exit 1\nfi\n# This output is used by Xcode 'outputs' to avoid re-running this script phase.\necho \"SUCCESS\" > \"${SCRIPT_OUTPUT_FILE_0}\"\n";
			showEnvVarsInLog = 0;
		};
		2CF4562C67AFB8773A2D9CA5 /* [CP] Check Pods Manifest.lock */ = {
			isa = PBXShellScriptBuildPhase;
			buildActionMask = 2147483647;
			files = (
			);
			inputFileListPaths = (
			);
			inputPaths = (
				"${PODS_PODFILE_DIR_PATH}/Podfile.lock",
				"${PODS_ROOT}/Manifest.lock",
			);
			name = "[CP] Check Pods Manifest.lock";
			outputFileListPaths = (
			);
			outputPaths = (
				"$(DERIVED_FILE_DIR)/Pods-SwiftUILoginPageTests-checkManifestLockResult.txt",
			);
			runOnlyForDeploymentPostprocessing = 0;
			shellPath = /bin/sh;
			shellScript = "diff \"${PODS_PODFILE_DIR_PATH}/Podfile.lock\" \"${PODS_ROOT}/Manifest.lock\" > /dev/null\nif [ $? != 0 ] ; then\n    # print error to STDERR\n    echo \"error: The sandbox is not in sync with the Podfile.lock. Run 'pod install' or update your CocoaPods installation.\" >&2\n    exit 1\nfi\n# This output is used by Xcode 'outputs' to avoid re-running this script phase.\necho \"SUCCESS\" > \"${SCRIPT_OUTPUT_FILE_0}\"\n";
			showEnvVarsInLog = 0;
		};
/* End PBXShellScriptBuildPhase section */

/* Begin PBXSourcesBuildPhase section */
		A51CCDC92AA7808C00AC7151 /* Sources */ = {
			isa = PBXSourcesBuildPhase;
			buildActionMask = 2147483647;
			files = (
				A56920CD2AB2B60B001BF5EB /* Response.swift in Sources */,
				A56920D12AB2BA7D001BF5EB /* WelcomeView.swift in Sources */,
				A5F5EB762AB1866D00530797 /* CustomeTextView.swift in Sources */,
				A51CCDD32AA7808D00AC7151 /* LoginPageView.swift in Sources */,
				A56920CF2AB2B620001BF5EB /* LoginPageViewModel.swift in Sources */,
				A51CCDD12AA7808D00AC7151 /* SwiftUILoginPageApp.swift in Sources */,
			);
			runOnlyForDeploymentPostprocessing = 0;
		};
		A5572A312AB988670031603F /* Sources */ = {
			isa = PBXSourcesBuildPhase;
			buildActionMask = 2147483647;
			files = (
				A5572A382AB988670031603F /* SwiftUILoginPageTests.swift in Sources */,
			);
			runOnlyForDeploymentPostprocessing = 0;
		};
/* End PBXSourcesBuildPhase section */

/* Begin PBXTargetDependency section */
		A5572A3A2AB988670031603F /* PBXTargetDependency */ = {
			isa = PBXTargetDependency;
			target = A51CCDCC2AA7808C00AC7151 /* SwiftUILoginPage */;
			targetProxy = A5572A392AB988670031603F /* PBXContainerItemProxy */;
		};
/* End PBXTargetDependency section */

/* Begin XCBuildConfiguration section */
		A51CCDD92AA7809100AC7151 /* Debug */ = {
			isa = XCBuildConfiguration;
			buildSettings = {
				ALWAYS_SEARCH_USER_PATHS = NO;
				CLANG_ANALYZER_NONNULL = YES;
				CLANG_ANALYZER_NUMBER_OBJECT_CONVERSION = YES_AGGRESSIVE;
				CLANG_CXX_LANGUAGE_STANDARD = "gnu++20";
				CLANG_ENABLE_MODULES = YES;
				CLANG_ENABLE_OBJC_ARC = YES;
				CLANG_ENABLE_OBJC_WEAK = YES;
				CLANG_WARN_BLOCK_CAPTURE_AUTORELEASING = YES;
				CLANG_WARN_BOOL_CONVERSION = YES;
				CLANG_WARN_COMMA = YES;
				CLANG_WARN_CONSTANT_CONVERSION = YES;
				CLANG_WARN_DEPRECATED_OBJC_IMPLEMENTATIONS = YES;
				CLANG_WARN_DIRECT_OBJC_ISA_USAGE = YES_ERROR;
				CLANG_WARN_DOCUMENTATION_COMMENTS = YES;
				CLANG_WARN_EMPTY_BODY = YES;
				CLANG_WARN_ENUM_CONVERSION = YES;
				CLANG_WARN_INFINITE_RECURSION = YES;
				CLANG_WARN_INT_CONVERSION = YES;
				CLANG_WARN_NON_LITERAL_NULL_CONVERSION = YES;
				CLANG_WARN_OBJC_IMPLICIT_RETAIN_SELF = YES;
				CLANG_WARN_OBJC_LITERAL_CONVERSION = YES;
				CLANG_WARN_OBJC_ROOT_CLASS = YES_ERROR;
				CLANG_WARN_QUOTED_INCLUDE_IN_FRAMEWORK_HEADER = YES;
				CLANG_WARN_RANGE_LOOP_ANALYSIS = YES;
				CLANG_WARN_STRICT_PROTOTYPES = YES;
				CLANG_WARN_SUSPICIOUS_MOVE = YES;
				CLANG_WARN_UNGUARDED_AVAILABILITY = YES_AGGRESSIVE;
				CLANG_WARN_UNREACHABLE_CODE = YES;
				CLANG_WARN__DUPLICATE_METHOD_MATCH = YES;
				COPY_PHASE_STRIP = NO;
				DEBUG_INFORMATION_FORMAT = dwarf;
				ENABLE_STRICT_OBJC_MSGSEND = YES;
				ENABLE_TESTABILITY = YES;
				GCC_C_LANGUAGE_STANDARD = gnu11;
				GCC_DYNAMIC_NO_PIC = NO;
				GCC_NO_COMMON_BLOCKS = YES;
				GCC_OPTIMIZATION_LEVEL = 0;
				GCC_PREPROCESSOR_DEFINITIONS = (
					"DEBUG=1",
					"$(inherited)",
				);
				GCC_WARN_64_TO_32_BIT_CONVERSION = YES;
				GCC_WARN_ABOUT_RETURN_TYPE = YES_ERROR;
				GCC_WARN_UNDECLARED_SELECTOR = YES;
				GCC_WARN_UNINITIALIZED_AUTOS = YES_AGGRESSIVE;
				GCC_WARN_UNUSED_FUNCTION = YES;
				GCC_WARN_UNUSED_VARIABLE = YES;
				IPHONEOS_DEPLOYMENT_TARGET = 16.4;
				MTL_ENABLE_DEBUG_INFO = INCLUDE_SOURCE;
				MTL_FAST_MATH = YES;
				ONLY_ACTIVE_ARCH = YES;
				SDKROOT = iphoneos;
				SWIFT_ACTIVE_COMPILATION_CONDITIONS = DEBUG;
				SWIFT_OPTIMIZATION_LEVEL = "-Onone";
			};
			name = Debug;
		};
		A51CCDDA2AA7809100AC7151 /* Release */ = {
			isa = XCBuildConfiguration;
			buildSettings = {
				ALWAYS_SEARCH_USER_PATHS = NO;
				CLANG_ANALYZER_NONNULL = YES;
				CLANG_ANALYZER_NUMBER_OBJECT_CONVERSION = YES_AGGRESSIVE;
				CLANG_CXX_LANGUAGE_STANDARD = "gnu++20";
				CLANG_ENABLE_MODULES = YES;
				CLANG_ENABLE_OBJC_ARC = YES;
				CLANG_ENABLE_OBJC_WEAK = YES;
				CLANG_WARN_BLOCK_CAPTURE_AUTORELEASING = YES;
				CLANG_WARN_BOOL_CONVERSION = YES;
				CLANG_WARN_COMMA = YES;
				CLANG_WARN_CONSTANT_CONVERSION = YES;
				CLANG_WARN_DEPRECATED_OBJC_IMPLEMENTATIONS = YES;
				CLANG_WARN_DIRECT_OBJC_ISA_USAGE = YES_ERROR;
				CLANG_WARN_DOCUMENTATION_COMMENTS = YES;
				CLANG_WARN_EMPTY_BODY = YES;
				CLANG_WARN_ENUM_CONVERSION = YES;
				CLANG_WARN_INFINITE_RECURSION = YES;
				CLANG_WARN_INT_CONVERSION = YES;
				CLANG_WARN_NON_LITERAL_NULL_CONVERSION = YES;
				CLANG_WARN_OBJC_IMPLICIT_RETAIN_SELF = YES;
				CLANG_WARN_OBJC_LITERAL_CONVERSION = YES;
				CLANG_WARN_OBJC_ROOT_CLASS = YES_ERROR;
				CLANG_WARN_QUOTED_INCLUDE_IN_FRAMEWORK_HEADER = YES;
				CLANG_WARN_RANGE_LOOP_ANALYSIS = YES;
				CLANG_WARN_STRICT_PROTOTYPES = YES;
				CLANG_WARN_SUSPICIOUS_MOVE = YES;
				CLANG_WARN_UNGUARDED_AVAILABILITY = YES_AGGRESSIVE;
				CLANG_WARN_UNREACHABLE_CODE = YES;
				CLANG_WARN__DUPLICATE_METHOD_MATCH = YES;
				COPY_PHASE_STRIP = NO;
				DEBUG_INFORMATION_FORMAT = "dwarf-with-dsym";
				ENABLE_NS_ASSERTIONS = NO;
				ENABLE_STRICT_OBJC_MSGSEND = YES;
				GCC_C_LANGUAGE_STANDARD = gnu11;
				GCC_NO_COMMON_BLOCKS = YES;
				GCC_WARN_64_TO_32_BIT_CONVERSION = YES;
				GCC_WARN_ABOUT_RETURN_TYPE = YES_ERROR;
				GCC_WARN_UNDECLARED_SELECTOR = YES;
				GCC_WARN_UNINITIALIZED_AUTOS = YES_AGGRESSIVE;
				GCC_WARN_UNUSED_FUNCTION = YES;
				GCC_WARN_UNUSED_VARIABLE = YES;
				IPHONEOS_DEPLOYMENT_TARGET = 16.4;
				MTL_ENABLE_DEBUG_INFO = NO;
				MTL_FAST_MATH = YES;
				SDKROOT = iphoneos;
				SWIFT_COMPILATION_MODE = wholemodule;
				SWIFT_OPTIMIZATION_LEVEL = "-O";
				VALIDATE_PRODUCT = YES;
			};
			name = Release;
		};
		A51CCDDC2AA7809100AC7151 /* Debug */ = {
			isa = XCBuildConfiguration;
			baseConfigurationReference = FD64E10073A93CF4E4DDAAD8 /* Pods-SwiftUILoginPage.debug.xcconfig */;
			buildSettings = {
				ASSETCATALOG_COMPILER_APPICON_NAME = AppIcon;
				ASSETCATALOG_COMPILER_GLOBAL_ACCENT_COLOR_NAME = AccentColor;
				CODE_SIGN_STYLE = Automatic;
				CURRENT_PROJECT_VERSION = 1;
				DEVELOPMENT_ASSET_PATHS = "\"SwiftUILoginPage/Preview Content\"";
				ENABLE_PREVIEWS = YES;
				GENERATE_INFOPLIST_FILE = YES;
				INFOPLIST_KEY_UIApplicationSceneManifest_Generation = YES;
				INFOPLIST_KEY_UIApplicationSupportsIndirectInputEvents = YES;
				INFOPLIST_KEY_UILaunchScreen_Generation = YES;
				INFOPLIST_KEY_UIStatusBarStyle = "";
				INFOPLIST_KEY_UISupportedInterfaceOrientations_iPad = "UIInterfaceOrientationPortrait UIInterfaceOrientationPortraitUpsideDown UIInterfaceOrientationLandscapeLeft UIInterfaceOrientationLandscapeRight";
				INFOPLIST_KEY_UISupportedInterfaceOrientations_iPhone = "UIInterfaceOrientationPortrait UIInterfaceOrientationLandscapeLeft UIInterfaceOrientationLandscapeRight";
				IPHONEOS_DEPLOYMENT_TARGET = 16.4;
				LD_RUNPATH_SEARCH_PATHS = (
					"$(inherited)",
					"@executable_path/Frameworks",
				);
				MARKETING_VERSION = 1.0;
				PRODUCT_BUNDLE_IDENTIFIER = com.example.solera.SwiftUILoginPage;
				PRODUCT_NAME = "$(TARGET_NAME)";
				SUPPORTED_PLATFORMS = "iphoneos iphonesimulator";
				SUPPORTS_MACCATALYST = NO;
				SUPPORTS_MAC_DESIGNED_FOR_IPHONE_IPAD = NO;
				SWIFT_EMIT_LOC_STRINGS = YES;
				SWIFT_VERSION = 5.0;
				TARGETED_DEVICE_FAMILY = "1,2";
			};
			name = Debug;
		};
		A51CCDDD2AA7809100AC7151 /* Release */ = {
			isa = XCBuildConfiguration;
			baseConfigurationReference = A010C55851A13BE3A6B04BC2 /* Pods-SwiftUILoginPage.release.xcconfig */;
			buildSettings = {
				ASSETCATALOG_COMPILER_APPICON_NAME = AppIcon;
				ASSETCATALOG_COMPILER_GLOBAL_ACCENT_COLOR_NAME = AccentColor;
				CODE_SIGN_STYLE = Automatic;
				CURRENT_PROJECT_VERSION = 1;
				DEVELOPMENT_ASSET_PATHS = "\"SwiftUILoginPage/Preview Content\"";
				ENABLE_PREVIEWS = YES;
				GENERATE_INFOPLIST_FILE = YES;
				INFOPLIST_KEY_UIApplicationSceneManifest_Generation = YES;
				INFOPLIST_KEY_UIApplicationSupportsIndirectInputEvents = YES;
				INFOPLIST_KEY_UILaunchScreen_Generation = YES;
				INFOPLIST_KEY_UIStatusBarStyle = "";
				INFOPLIST_KEY_UISupportedInterfaceOrientations_iPad = "UIInterfaceOrientationPortrait UIInterfaceOrientationPortraitUpsideDown UIInterfaceOrientationLandscapeLeft UIInterfaceOrientationLandscapeRight";
				INFOPLIST_KEY_UISupportedInterfaceOrientations_iPhone = "UIInterfaceOrientationPortrait UIInterfaceOrientationLandscapeLeft UIInterfaceOrientationLandscapeRight";
				IPHONEOS_DEPLOYMENT_TARGET = 16.4;
				LD_RUNPATH_SEARCH_PATHS = (
					"$(inherited)",
					"@executable_path/Frameworks",
				);
				MARKETING_VERSION = 1.0;
				PRODUCT_BUNDLE_IDENTIFIER = com.example.solera.SwiftUILoginPage;
				PRODUCT_NAME = "$(TARGET_NAME)";
				SUPPORTED_PLATFORMS = "iphoneos iphonesimulator";
				SUPPORTS_MACCATALYST = NO;
				SUPPORTS_MAC_DESIGNED_FOR_IPHONE_IPAD = NO;
				SWIFT_EMIT_LOC_STRINGS = YES;
				SWIFT_VERSION = 5.0;
				TARGETED_DEVICE_FAMILY = "1,2";
			};
			name = Release;
		};
		A5572A3C2AB988670031603F /* Debug */ = {
			isa = XCBuildConfiguration;
			baseConfigurationReference = C352FA040E5C9D59FE04C726 /* Pods-SwiftUILoginPageTests.debug.xcconfig */;
			buildSettings = {
				BUNDLE_LOADER = "$(TEST_HOST)";
				CODE_SIGN_STYLE = Automatic;
				CURRENT_PROJECT_VERSION = 1;
				GENERATE_INFOPLIST_FILE = YES;
				MARKETING_VERSION = 1.0;
				PRODUCT_BUNDLE_IDENTIFIER = com.example.solera.SwiftUILoginPageTests;
				PRODUCT_NAME = "$(TARGET_NAME)";
				SWIFT_EMIT_LOC_STRINGS = NO;
				SWIFT_VERSION = 5.0;
				TARGETED_DEVICE_FAMILY = "1,2";
				TEST_HOST = "$(BUILT_PRODUCTS_DIR)/SwiftUILoginPage.app/$(BUNDLE_EXECUTABLE_FOLDER_PATH)/SwiftUILoginPage";
			};
			name = Debug;
		};
		A5572A3D2AB988670031603F /* Release */ = {
			isa = XCBuildConfiguration;
			baseConfigurationReference = 2C7558A8F25816CF7B18790A /* Pods-SwiftUILoginPageTests.release.xcconfig */;
			buildSettings = {
				BUNDLE_LOADER = "$(TEST_HOST)";
				CODE_SIGN_STYLE = Automatic;
				CURRENT_PROJECT_VERSION = 1;
				GENERATE_INFOPLIST_FILE = YES;
				MARKETING_VERSION = 1.0;
				PRODUCT_BUNDLE_IDENTIFIER = com.example.solera.SwiftUILoginPageTests;
				PRODUCT_NAME = "$(TARGET_NAME)";
				SWIFT_EMIT_LOC_STRINGS = NO;
				SWIFT_VERSION = 5.0;
				TARGETED_DEVICE_FAMILY = "1,2";
				TEST_HOST = "$(BUILT_PRODUCTS_DIR)/SwiftUILoginPage.app/$(BUNDLE_EXECUTABLE_FOLDER_PATH)/SwiftUILoginPage";
			};
			name = Release;
		};
/* End XCBuildConfiguration section */

/* Begin XCConfigurationList section */
		A51CCDC82AA7808C00AC7151 /* Build configuration list for PBXProject "SwiftUILoginPage" */ = {
			isa = XCConfigurationList;
			buildConfigurations = (
				A51CCDD92AA7809100AC7151 /* Debug */,
				A51CCDDA2AA7809100AC7151 /* Release */,
			);
			defaultConfigurationIsVisible = 0;
			defaultConfigurationName = Release;
		};
		A51CCDDB2AA7809100AC7151 /* Build configuration list for PBXNativeTarget "SwiftUILoginPage" */ = {
			isa = XCConfigurationList;
			buildConfigurations = (
				A51CCDDC2AA7809100AC7151 /* Debug */,
				A51CCDDD2AA7809100AC7151 /* Release */,
			);
			defaultConfigurationIsVisible = 0;
			defaultConfigurationName = Release;
		};
		A5572A3B2AB988670031603F /* Build configuration list for PBXNativeTarget "SwiftUILoginPageTests" */ = {
			isa = XCConfigurationList;
			buildConfigurations = (
				A5572A3C2AB988670031603F /* Debug */,
				A5572A3D2AB988670031603F /* Release */,
			);
			defaultConfigurationIsVisible = 0;
			defaultConfigurationName = Release;
		};
/* End XCConfigurationList section */
	};
	rootObject = A51CCDC52AA7808C00AC7151 /* Project object */;
}
